<?xml version="1.0" encoding="utf-8"?>
<Project ToolsVersion="4.0" xmlns="http://schemas.microsoft.com/developer/msbuild/2003">
  <ItemGroup>
    <Filter Include="Source Files">
      <UniqueIdentifier>{4FC737F1-C7A5-4376-A066-2A32D752A2FF}</UniqueIdentifier>
      <Extensions>cpp;c;cc;cxx;c++;cppm;ixx;def;odl;idl;hpj;bat;asm;asmx</Extensions>
    </Filter>
    <Filter Include="Header Files">
      <UniqueIdentifier>{93995380-89BD-4b04-88EB-625FBE52EBFB}</UniqueIdentifier>
      <Extensions>h;hh;hpp;hxx;h++;hm;inl;inc;ipp;xsd</Extensions>
    </Filter>
    <Filter Include="Resource Files">
      <UniqueIdentifier>{67DA6AB6-F800-4c08-8B7A-83BB121AAD01}</UniqueIdentifier>
      <Extensions>rc;ico;cur;bmp;dlg;rc2;rct;bin;rgs;gif;jpg;jpeg;jpe;resx;tiff;tif;png;wav;mfcribbon-ms</Extensions>
    </Filter>
    <Filter Include="NewFilter1">
      <UniqueIdentifier>{f39b8301-ccee-4407-b393-3c5870f9ca6f}</UniqueIdentifier>
    </Filter>
  </ItemGroup>
  <ItemGroup>
    <ClCompile Include="src\HiyazUtils\Log.cpp">
      <Filter>Source Files</Filter>
    </ClCompile>
    <ClCompile Include="src\HiyazUtils\Print.cpp">
      <Filter>Source Files</Filter>
    </ClCompile>
    <ClCompile Include="src\HiyazUtils\String.cpp">
      <Filter>Source Files</Filter>
    </ClCompile>
    <ClCompile Include="src\HiyazUtils\Events.cpp">
      <Filter>Source Files</Filter>
    </ClCompile>
    <ClCompile Include="src\HiyazUtils\List.cpp">
      <Filter>Source Files</Filter>
    </ClCompile>
    <ClCompile Include="src\HiyazUtils\Array.cpp">
      <Filter>Source Files</Filter>
    </ClCompile>
    <ClCompile Include="src\HiyazUtils\Grid.cpp">
      <Filter>Source Files</Filter>
    </ClCompile>
  </ItemGroup>
  <ItemGroup>
    <ClInclude Include="src\HiyazUtils\Log.h">
      <Filter>Header Files</Filter>
    </ClInclude>
    <ClInclude Include="src\HiyazUtils\Core.h">
      <Filter>Header Files</Filter>
    </ClInclude>
    <ClInclude Include="src\HiyazUtils.h">
      <Filter>Header Files</Filter>
    </ClInclude>
    <ClInclude Include="src\HiyazUtils\Print.h">
      <Filter>Header Files</Filter>
    </ClInclude>
    <ClInclude Include="src\HiyazUtils\Array.h">
      <Filter>Header Files</Filter>
    </ClInclude>
    <ClInclude Include="src\HiyazUtils\List.h">
      <Filter>Header Files</Filter>
    </ClInclude>
    <ClInclude Include="src\HiyazUtils\String.h">
      <Filter>Header Files</Filter>
    </ClInclude>
    <ClInclude Include="src\HiyazUtils\Format.h">
      <Filter>Header Files</Filter>
    </ClInclude>
    <ClInclude Include="src\HiyazUtils\Events.h">
      <Filter>Header Files</Filter>
    </ClInclude>
    <ClInclude Include="src\HiyazUtils\IPrintable.h">
      <Filter>Header Files</Filter>
    </ClInclude>
    <ClInclude Include="src\HiyazUtils\Define.h">
      <Filter>Header Files</Filter>
    </ClInclude>
    <ClInclude Include="src\HiyazUtils\Grid.h">
      <Filter>Header Files</Filter>
    </ClInclude>
  </ItemGroup>
  <ItemGroup>
    <Text Include="README.txt" />
  </ItemGroup>
  <ItemGroup>
    <None Include="cpp.hint" />
  </ItemGroup>
</Project>